<Solution>
  <Folder Name="/src/">
    <Project Path="src/BuildingBlocks/BuildingBlocks.csproj" />
  </Folder>
  <Folder Name="/src/Services/Auth/">
    <Project Path="src/Services/Auth/Auth.Api/Auth.Api.csproj" />
  </Folder>
  <Folder Name="/src/Services/Catalog/">
    <Project Path="src/Services/Catalog/Catalog.Api/CatalogService.csproj" />
  </Folder>
  <Folder Name="/src/Services/Gateway/">
    <Project Path="src/Services/Gateway/Gateway.Api/Gateway.csproj" />
  </Folder>
  <Folder Name="/src/Services/Inventory/">
    <Project Path="src/Services/Inventory/Inventory.Api/InventoryService.csproj" />
  </Folder>
  <Folder Name="/src/Services/Notification/">
    <Project Path="src/Services/Notification/Notification.Api/NotificationService.csproj" />
  </Folder>
  <Folder Name="/src/Services/Order/">
    <Project Path="src/Services/Order/Order.Api/OrderService.csproj" />
  </Folder>
</Solution>
